{
  "version": "3",
  "packages": {
    "specifiers": {
      "npm:@faker-js/faker": "npm:@faker-js/faker@8.4.1",
      "npm:@types/node": "npm:@types/node@18.16.19",
      "npm:hono": "npm:hono@4.4.8",
      "npm:json-2-csv": "npm:json-2-csv@5.5.1",
      "npm:open": "npm:open@10.1.0"
    },
    "npm": {
      "@faker-js/faker@8.4.1": {
        "integrity": "sha512-XQ3cU+Q8Uqmrbf2e0cIC/QN43sTBSC8KF12u29Mb47tWrt2hAgBXSgpZMj4Ao8Uk0iJcU99QsOCaIL8934obCg==",
        "dependencies": {}
      },
      "@types/node@18.16.19": {
        "integrity": "sha512-IXl7o+R9iti9eBW4Wg2hx1xQDig183jj7YLn8F7udNceyfkbn1ZxmzZXuak20gR40D7pIkIY1kYGx5VIGbaHKA==",
        "dependencies": {}
      },
      "bundle-name@4.1.0": {
        "integrity": "sha512-tjwM5exMg6BGRI+kNmTntNsvdZS1X8BFYS6tnJ2hdH0kVxM6/eVZ2xy+FqStSWvYmtfFMDLIxurorHwDKfDz5Q==",
        "dependencies": {
          "run-applescript": "run-applescript@7.0.0"
        }
      },
      "deeks@3.1.0": {
        "integrity": "sha512-e7oWH1LzIdv/prMQ7pmlDlaVoL64glqzvNgkgQNgyec9ORPHrT2jaOqMtRyqJuwWjtfb6v+2rk9pmaHj+F137A==",
        "dependencies": {}
      },
      "default-browser-id@5.0.0": {
        "integrity": "sha512-A6p/pu/6fyBcA1TRz/GqWYPViplrftcW2gZC9q79ngNCKAeR/X3gcEdXQHl4KNXV+3wgIJ1CPkJQ3IHM6lcsyA==",
        "dependencies": {}
      },
      "default-browser@5.2.1": {
        "integrity": "sha512-WY/3TUME0x3KPYdRRxEJJvXRHV4PyPoUsxtZa78lwItwRQRHhd2U9xOscaT/YTf8uCXIAjeJOFBVEh/7FtD8Xg==",
        "dependencies": {
          "bundle-name": "bundle-name@4.1.0",
          "default-browser-id": "default-browser-id@5.0.0"
        }
      },
      "define-lazy-prop@3.0.0": {
        "integrity": "sha512-N+MeXYoqr3pOgn8xfyRPREN7gHakLYjhsHhWGT3fWAiL4IkAt0iDw14QiiEm2bE30c5XX5q0FtAA3CK5f9/BUg==",
        "dependencies": {}
      },
      "doc-path@4.1.1": {
        "integrity": "sha512-h1ErTglQAVv2gCnOpD3sFS6uolDbOKHDU1BZq+Kl3npPqroU3dYL42lUgMfd5UimlwtRgp7C9dLGwqQ5D2HYgQ==",
        "dependencies": {}
      },
      "hono@4.4.8": {
        "integrity": "sha512-eewnSgTzdWgFVn97kPV24h+9UVNUQ+9mj6IRxr7dBseTaTBSHtFo/T/vRNcqJkQFysVoXyecflr3Xe/fdvzEpQ==",
        "dependencies": {}
      },
      "is-docker@3.0.0": {
        "integrity": "sha512-eljcgEDlEns/7AXFosB5K/2nCM4P7FQPkGc/DWLy5rmFEWvZayGrik1d9/QIY5nJ4f9YsVvBkA6kJpHn9rISdQ==",
        "dependencies": {}
      },
      "is-inside-container@1.0.0": {
        "integrity": "sha512-KIYLCCJghfHZxqjYBE7rEy0OBuTd5xCHS7tHVgvCLkx7StIoaxwNW3hCALgEUjFfeRk+MG/Qxmp/vtETEF3tRA==",
        "dependencies": {
          "is-docker": "is-docker@3.0.0"
        }
      },
      "is-wsl@3.1.0": {
        "integrity": "sha512-UcVfVfaK4Sc4m7X3dUSoHoozQGBEFeDC+zVo06t98xe8CzHSZZBekNXH+tu0NalHolcJ/QAGqS46Hef7QXBIMw==",
        "dependencies": {
          "is-inside-container": "is-inside-container@1.0.0"
        }
      },
      "json-2-csv@5.5.1": {
        "integrity": "sha512-KgAtAXTQopRwe90gh8SgjRSxgt9bUWbGAPMo9W0TZLA8SqiQH7khtagFfeEUjG3NBPwJu/+9uX5pMvunKaPvrQ==",
        "dependencies": {
          "deeks": "deeks@3.1.0",
          "doc-path": "doc-path@4.1.1"
        }
      },
      "open@10.1.0": {
        "integrity": "sha512-mnkeQ1qP5Ue2wd+aivTD3NHd/lZ96Lu0jgf0pwktLPtx6cTZiH7tyeGRRHs0zX0rbrahXPnXlUnbeXyaBBuIaw==",
        "dependencies": {
          "default-browser": "default-browser@5.2.1",
          "define-lazy-prop": "define-lazy-prop@3.0.0",
          "is-inside-container": "is-inside-container@1.0.0",
          "is-wsl": "is-wsl@3.1.0"
        }
      },
      "run-applescript@7.0.0": {
        "integrity": "sha512-9by4Ij99JUr/MCFBUkDKLWK3G9HVXmabKz9U5MlIAIuvuzkiOicRYs8XJLxX+xahD+mLiiCYDqF9dKAgtzKP1A==",
        "dependencies": {}
      }
    }
  },
  "redirects": {
    "https://esm.sh/@faker-js/faker": "https://esm.sh/@faker-js/faker@8.4.1"
  },
  "remote": {
    "https://esm.sh/@faker-js/faker@8.4.1": "21d589a68f956f90bcf4031bc6f26f5a5c531ca4bd798e16ec33094ea6560bce",
    "https://esm.sh/v135/@faker-js/faker@8.4.1/denonext/faker.mjs": "bf2af6fc7f2660f80df3c0fda1185082478ef84a73b1aa27ea761977f6fd8426"
  },
  "workspace": {
    "dependencies": [
      "npm:hono@^4.4.11"
    ]
  }
}
